
Microsoft Visual Studio Solution File, Format Version 12.00
# Visual Studio Version 16
VisualStudioVersion = 16.0.29306.81
MinimumVisualStudioVersion = 10.0.40219.1
Project("{8BC9CEB8-8B4A-11D0-8D11-00A0C91BC942}") = "P28", "P28\P28.vcxproj", "{B177F49F-2B19-48C3-9111-1FDF063E4988}"
EndProject
Global
	GlobalSection(SolutionConfigurationPlatforms) = preSolution
		Debug|x64 = Debug|x64
		Debug|x86 = Debug|x86
		Release|x64 = Release|x64
		Release|x86 = Release|x86
	EndGlobalSection
	GlobalSection(ProjectConfigurationPlatforms) = postSolution
		{B177F49F-2B19-48C3-9111-1FDF063E4988}.Debug|x64.ActiveCfg = Debug|x64
		{B177F49F-2B19-48C3-9111-1FDF063E4988}.Debug|x64.Build.0 = Debug|x64
		{B177F49F-2B19-48C3-9111-1FDF063E4988}.Debug|x86.ActiveCfg = Debug|Win32
		{B177F49F-2B19-48C3-9111-1FDF063E4988}.Debug|x86.Build.0 = Debug|Win32
		{B177F49F-2B19-48C3-9111-1FDF063E4988}.Release|x64.ActiveCfg = Release|x64
		{B177F49F-2B19-48C3-9111-1FDF063E4988}.Release|x64.Build.0 = Release|x64
		{B177F49F-2B19-48C3-9111-1FDF063E4988}.Release|x86.ActiveCfg = Release|Win32
		{B177F49F-2B19-48C3-9111-1FDF063E4988}.Release|x86.Build.0 = Release|Win32
	EndGlobalSection
	GlobalSection(SolutionProperties) = preSolution
		HideSolutionNode = FALSE
	EndGlobalSection
	GlobalSection(ExtensibilityGlobals) = postSolution
		SolutionGuid = {00C281DD-A5B4-414B-B176-3D4CC8EE062F}
	EndGlobalSection
EndGlobal
